// !$*UTF8*$!
{
	archiveVersion = 1;
	classes = {
	};
	objectVersion = 50;
	objects = {

/* Begin PBXBuildFile section */
		6C89F31B224D5EAF00000EE2 /* Property List.plist in Resources */ = {isa = PBXBuildFile; fileRef = 6C89F31A224D5EAF00000EE2 /* Property List.plist */; };
		6C89F31D224D647400000EE2 /* detailViewController.swift in Sources */ = {isa = PBXBuildFile; fileRef = 6C89F31C224D647400000EE2 /* detailViewController.swift */; };
		6CF38DCB2228702000ADEFAA /* AppDelegate.swift in Sources */ = {isa = PBXBuildFile; fileRef = 6CF38DCA2228702000ADEFAA /* AppDelegate.swift */; };
		6CF38DCD2228702000ADEFAA /* ViewController.swift in Sources */ = {isa = PBXBuildFile; fileRef = 6CF38DCC2228702000ADEFAA /* ViewController.swift */; };
		6CF38DD02228702000ADEFAA /* Main.storyboard in Resources */ = {isa = PBXBuildFile; fileRef = 6CF38DCE2228702000ADEFAA /* Main.storyboard */; };
		6CF38DD22228702400ADEFAA /* Assets.xcassets in Resources */ = {isa = PBXBuildFile; fileRef = 6CF38DD12228702400ADEFAA /* Assets.xcassets */; };
		6CF38DD52228702400ADEFAA /* LaunchScreen.storyboard in Resources */ = {isa = PBXBuildFile; fileRef = 6CF38DD32228702400ADEFAA /* LaunchScreen.storyboard */; };
		6CF38DE02228702400ADEFAA /* HackwichFourTests.swift in Sources */ = {isa = PBXBuildFile; fileRef = 6CF38DDF2228702400ADEFAA /* HackwichFourTests.swift */; };
		6CF38DEB2228702400ADEFAA /* HackwichFourUITests.swift in Sources */ = {isa = PBXBuildFile; fileRef = 6CF38DEA2228702400ADEFAA /* HackwichFourUITests.swift */; };
/* End PBXBuildFile section */

/* Begin PBXContainerItemProxy section */
		6CF38DDC2228702400ADEFAA /* PBXContainerItemProxy */ = {
			isa = PBXContainerItemProxy;
			containerPortal = 6CF38DBF2228702000ADEFAA /* Project object */;
			proxyType = 1;
			remoteGlobalIDString = 6CF38DC62228702000ADEFAA;
			remoteInfo = HackwichFour;
		};
		6CF38DE72228702400ADEFAA /* PBXContainerItemProxy */ = {
			isa = PBXContainerItemProxy;
			containerPortal = 6CF38DBF2228702000ADEFAA /* Project object */;
			proxyType = 1;
			remoteGlobalIDString = 6CF38DC62228702000ADEFAA;
			remoteInfo = HackwichFour;
		};
/* End PBXContainerItemProxy section */

/* Begin PBXFileReference section */
		6C89F31A224D5EAF00000EE2 /* Property List.plist */ = {isa = PBXFileReference; lastKnownFileType = text.plist.xml; path = "Property List.plist"; sourceTree = "<group>"; };
		6C89F31C224D647400000EE2 /* detailViewController.swift */ = {isa = PBXFileReference; lastKnownFileType = sourcecode.swift; path = detailViewController.swift; sourceTree = "<group>"; };
		6CF38DC72228702000ADEFAA /* HackwichFour.app */ = {isa = PBXFileReference; explicitFileType = wrapper.application; includeInIndex = 0; path = HackwichFour.app; sourceTree = BUILT_PRODUCTS_DIR; };
		6CF38DCA2228702000ADEFAA /* AppDelegate.swift */ = {isa = PBXFileReference; lastKnownFileType = sourcecode.swift; path = AppDelegate.swift; sourceTree = "<group>"; };
		6CF38DCC2228702000ADEFAA /* ViewController.swift */ = {isa = PBXFileReference; lastKnownFileType = sourcecode.swift; path = ViewController.swift; sourceTree = "<group>"; };
		6CF38DCF2228702000ADEFAA /* Base */ = {isa = PBXFileReference; lastKnownFileType = file.storyboard; name = Base; path = Base.lproj/Main.storyboard; sourceTree = "<group>"; };
		6CF38DD12228702400ADEFAA /* Assets.xcassets */ = {isa = PBXFileReference; lastKnownFileType = folder.assetcatalog; path = Assets.xcassets; sourceTree = "<group>"; };
		6CF38DD42228702400ADEFAA /* Base */ = {isa = PBXFileReference; lastKnownFileType = file.storyboard; name = Base; path = Base.lproj/LaunchScreen.storyboard; sourceTree = "<group>"; };
		6CF38DD62228702400ADEFAA /* Info.plist */ = {isa = PBXFileReference; lastKnownFileType = text.plist.xml; path = Info.plist; sourceTree = "<group>"; };
		6CF38DDB2228702400ADEFAA /* HackwichFourTests.xctest */ = {isa = PBXFileReference; explicitFileType = wrapper.cfbundle; includeInIndex = 0; path = HackwichFourTests.xctest; sourceTree = BUILT_PRODUCTS_DIR; };
		6CF38DDF2228702400ADEFAA /* HackwichFourTests.swift */ = {isa = PBXFileReference; lastKnownFileType = sourcecode.swift; path = HackwichFourTests.swift; sourceTree = "<group>"; };
		6CF38DE12228702400ADEFAA /* Info.plist */ = {isa = PBXFileReference; lastKnownFileType = text.plist.xml; path = Info.plist; sourceTree = "<group>"; };
		6CF38DE62228702400ADEFAA /* HackwichFourUITests.xctest */ = {isa = PBXFileReference; explicitFileType = wrapper.cfbundle; includeInIndex = 0; path = HackwichFourUITests.xctest; sourceTree = BUILT_PRODUCTS_DIR; };
		6CF38DEA2228702400ADEFAA /* HackwichFourUITests.swift */ = {isa = PBXFileReference; lastKnownFileType = sourcecode.swift; path = HackwichFourUITests.swift; sourceTree = "<group>"; };
		6CF38DEC2228702400ADEFAA /* Info.plist */ = {isa = PBXFileReference; lastKnownFileType = text.plist.xml; path = Info.plist; sourceTree = "<group>"; };
/* End PBXFileReference section */

/* Begin PBXFrameworksBuildPhase section */
		6CF38DC42228702000ADEFAA /* Frameworks */ = {
			isa = PBXFrameworksBuildPhase;
			buildActionMask = 2147483647;
			files = (
			);
			runOnlyForDeploymentPostprocessing = 0;
		};
		6CF38DD82228702400ADEFAA /* Frameworks */ = {
			isa = PBXFrameworksBuildPhase;
			buildActionMask = 2147483647;
			files = (
			);
			runOnlyForDeploymentPostprocessing = 0;
		};
		6CF38DE32228702400ADEFAA /* Frameworks */ = {
			isa = PBXFrameworksBuildPhase;
			buildActionMask = 2147483647;
			files = (
			);
			runOnlyForDeploymentPostprocessing = 0;
		};
/* End PBXFrameworksBuildPhase section */

/* Begin PBXGroup section */
		6CF38DBE2228702000ADEFAA = {
			isa = PBXGroup;
			children = (
				6CF38DC92228702000ADEFAA /* HackwichFour */,
				6CF38DDE2228702400ADEFAA /* HackwichFourTests */,
				6CF38DE92228702400ADEFAA /* HackwichFourUITests */,
				6CF38DC82228702000ADEFAA /* Products */,
			);
			sourceTree = "<group>";
		};
		6CF38DC82228702000ADEFAA /* Products */ = {
			isa = PBXGroup;
			children = (
				6CF38DC72228702000ADEFAA /* HackwichFour.app */,
				6CF38DDB2228702400ADEFAA /* HackwichFourTests.xctest */,
				6CF38DE62228702400ADEFAA /* HackwichFourUITests.xctest */,
			);
			name = Products;
			sourceTree = "<group>";
		};
		6CF38DC92228702000ADEFAA /* HackwichFour */ = {
			isa = PBXGroup;
			children = (
				6CF38DCA2228702000ADEFAA /* AppDelegate.swift */,
				6CF38DCC2228702000ADEFAA /* ViewController.swift */,
				6C89F31C224D647400000EE2 /* detailViewController.swift */,
				6C89F31A224D5EAF00000EE2 /* Property List.plist */,
				6CF38DCE2228702000ADEFAA /* Main.storyboard */,
				6CF38DD12228702400ADEFAA /* Assets.xcassets */,
				6CF38DD32228702400ADEFAA /* LaunchScreen.storyboard */,
				6CF38DD62228702400ADEFAA /* Info.plist */,
			);
			path = HackwichFour;
			sourceTree = "<group>";
		};
		6CF38DDE2228702400ADEFAA /* HackwichFourTests */ = {
			isa = PBXGroup;
			children = (
				6CF38DDF2228702400ADEFAA /* HackwichFourTests.swift */,
				6CF38DE12228702400ADEFAA /* Info.plist */,
			);
			path = HackwichFourTests;
			sourceTree = "<group>";
		};
		6CF38DE92228702400ADEFAA /* HackwichFourUITests */ = {
			isa = PBXGroup;
			children = (
				6CF38DEA2228702400ADEFAA /* HackwichFourUITests.swift */,
				6CF38DEC2228702400ADEFAA /* Info.plist */,
			);
			path = HackwichFourUITests;
			sourceTree = "<group>";
		};
/* End PBXGroup section */

/* Begin PBXNativeTarget section */
		6CF38DC62228702000ADEFAA /* HackwichFour */ = {
			isa = PBXNativeTarget;
			buildConfigurationList = 6CF38DEF2228702400ADEFAA /* Build configuration list for PBXNativeTarget "HackwichFour" */;
			buildPhases = (
				6CF38DC32228702000ADEFAA /* Sources */,
				6CF38DC42228702000ADEFAA /* Frameworks */,
				6CF38DC52228702000ADEFAA /* Resources */,
			);
			buildRules = (
			);
			dependencies = (
			);
			name = HackwichFour;
			productName = HackwichFour;
			productReference = 6CF38DC72228702000ADEFAA /* HackwichFour.app */;
			productType = "com.apple.product-type.application";
		};
		6CF38DDA2228702400ADEFAA /* HackwichFourTests */ = {
			isa = PBXNativeTarget;
			buildConfigurationList = 6CF38DF22228702400ADEFAA /* Build configuration list for PBXNativeTarget "HackwichFourTests" */;
			buildPhases = (
				6CF38DD72228702400ADEFAA /* Sources */,
				6CF38DD82228702400ADEFAA /* Frameworks */,
				6CF38DD92228702400ADEFAA /* Resources */,
			);
			buildRules = (
			);
			dependencies = (
				6CF38DDD2228702400ADEFAA /* PBXTargetDependency */,
			);
			name = HackwichFourTests;
			productName = HackwichFourTests;
			productReference = 6CF38DDB2228702400ADEFAA /* HackwichFourTests.xctest */;
			productType = "com.apple.product-type.bundle.unit-test";
		};
		6CF38DE52228702400ADEFAA /* HackwichFourUITests */ = {
			isa = PBXNativeTarget;
			buildConfigurationList = 6CF38DF52228702400ADEFAA /* Build configuration list for PBXNativeTarget "HackwichFourUITests" */;
			buildPhases = (
				6CF38DE22228702400ADEFAA /* Sources */,
				6CF38DE32228702400ADEFAA /* Frameworks */,
				6CF38DE42228702400ADEFAA /* Resources */,
			);
			buildRules = (
			);
			dependencies = (
				6CF38DE82228702400ADEFAA /* PBXTargetDependency */,
			);
			name = HackwichFourUITests;
			productName = HackwichFourUITests;
			productReference = 6CF38DE62228702400ADEFAA /* HackwichFourUITests.xctest */;
			productType = "com.apple.product-type.bundle.ui-testing";
		};
/* End PBXNativeTarget section */

/* Begin PBXProject section */
		6CF38DBF2228702000ADEFAA /* Project object */ = {
			isa = PBXProject;
			attributes = {
				LastSwiftUpdateCheck = 1010;
				LastUpgradeCheck = 1010;
				ORGANIZATIONNAME = "Jerimie Lucero";
				TargetAttributes = {
					6CF38DC62228702000ADEFAA = {
						CreatedOnToolsVersion = 10.1;
					};
					6CF38DDA2228702400ADEFAA = {
						CreatedOnToolsVersion = 10.1;
						TestTargetID = 6CF38DC62228702000ADEFAA;
					};
					6CF38DE52228702400ADEFAA = {
						CreatedOnToolsVersion = 10.1;
						TestTargetID = 6CF38DC62228702000ADEFAA;
					};
				};
			};
			buildConfigurationList = 6CF38DC22228702000ADEFAA /* Build configuration list for PBXProject "HackwichFour" */;
			compatibilityVersion = "Xcode 9.3";
			developmentRegion = en;
			hasScannedForEncodings = 0;
			knownRegions = (
				en,
				Base,
			);
			mainGroup = 6CF38DBE2228702000ADEFAA;
			productRefGroup = 6CF38DC82228702000ADEFAA /* Products */;
			projectDirPath = "";
			projectRoot = "";
			targets = (
				6CF38DC62228702000ADEFAA /* HackwichFour */,
				6CF38DDA2228702400ADEFAA /* HackwichFourTests */,
				6CF38DE52228702400ADEFAA /* HackwichFourUITests */,
			);
		};
/* End PBXProject section */

/* Begin PBXResourcesBuildPhase section */
		6CF38DC52228702000ADEFAA /* Resources */ = {
			isa = PBXResourcesBuildPhase;
			buildActionMask = 2147483647;
			files = (
				6CF38DD52228702400ADEFAA /* LaunchScreen.storyboard in Resources */,
				6CF38DD22228702400ADEFAA /* Assets.xcassets in Resources */,
				6C89F31B224D5EAF00000EE2 /* Property List.plist in Resources */,
				6CF38DD02228702000ADEFAA /* Main.storyboard in Resources */,
			);
			runOnlyForDeploymentPostprocessing = 0;
		};
		6CF38DD92228702400ADEFAA /* Resources */ = {
			isa = PBXResourcesBuildPhase;
			buildActionMask = 2147483647;
			files = (
			);
			runOnlyForDeploymentPostprocessing = 0;
		};
		6CF38DE42228702400ADEFAA /* Resources */ = {
			isa = PBXResourcesBuildPhase;
			buildActionMask = 2147483647;
			files = (
			);
			runOnlyForDeploymentPostprocessing = 0;
		};
/* End PBXResourcesBuildPhase section */

/* Begin PBXSourcesBuildPhase section */
		6CF38DC32228702000ADEFAA /* Sources */ = {
			isa = PBXSourcesBuildPhase;
			buildActionMask = 2147483647;
			files = (
				6CF38DCD2228702000ADEFAA /* ViewController.swift in Sources */,
				6CF38DCB2228702000ADEFAA /* AppDelegate.swift in Sources */,
				6C89F31D224D647400000EE2 /* detailViewController.swift in Sources */,
			);
			runOnlyForDeploymentPostprocessing = 0;
		};
		6CF38DD72228702400ADEFAA /* Sources */ = {
			isa = PBXSourcesBuildPhase;
			buildActionMask = 2147483647;
			files = (
				6CF38DE02228702400ADEFAA /* HackwichFourTests.swift in Sources */,
			);
			runOnlyForDeploymentPostprocessing = 0;
		};
		6CF38DE22228702400ADEFAA /* Sources */ = {
			isa = PBXSourcesBuildPhase;
			buildActionMask = 2147483647;
			files = (
				6CF38DEB2228702400ADEFAA /* HackwichFourUITests.swift in Sources */,
			);
			runOnlyForDeploymentPostprocessing = 0;
		};
/* End PBXSourcesBuildPhase section */

/* Begin PBXTargetDependency section */
		6CF38DDD2228702400ADEFAA /* PBXTargetDependency */ = {
			isa = PBXTargetDependency;
			target = 6CF38DC62228702000ADEFAA /* HackwichFour */;
			targetProxy = 6CF38DDC2228702400ADEFAA /* PBXContainerItemProxy */;
		};
		6CF38DE82228702400ADEFAA /* PBXTargetDependency */ = {
			isa = PBXTargetDependency;
			target = 6CF38DC62228702000ADEFAA /* HackwichFour */;
			targetProxy = 6CF38DE72228702400ADEFAA /* PBXContainerItemProxy */;
		};
/* End PBXTargetDependency section */

/* Begin PBXVariantGroup section */
		6CF38DCE2228702000ADEFAA /* Main.storyboard */ = {
			isa = PBXVariantGroup;
			children = (
				6CF38DCF2228702000ADEFAA /* Base */,
			);
			name = Main.storyboard;
			sourceTree = "<group>";
		};
		6CF38DD32228702400ADEFAA /* LaunchScreen.storyboard */ = {
			isa = PBXVariantGroup;
			children = (
				6CF38DD42228702400ADEFAA /* Base */,
			);
			name = LaunchScreen.storyboard;
			sourceTree = "<group>";
		};
/* End PBXVariantGroup section */

/* Begin XCBuildConfiguration section */
		6CF38DED2228702400ADEFAA /* Debug */ = {
			isa = XCBuildConfiguration;
			buildSettings = {
				ALWAYS_SEARCH_USER_PATHS = NO;
				CLANG_ANALYZER_NONNULL = YES;
				CLANG_ANALYZER_NUMBER_OBJECT_CONVERSION = YES_AGGRESSIVE;
				CLANG_CXX_LANGUAGE_STANDARD = "gnu++14";
				CLANG_CXX_LIBRARY = "libc++";
				CLANG_ENABLE_MODULES = YES;
				CLANG_ENABLE_OBJC_ARC = YES;
				CLANG_ENABLE_OBJC_WEAK = YES;
				CLANG_WARN_BLOCK_CAPTURE_AUTORELEASING = YES;
				CLANG_WARN_BOOL_CONVERSION = YES;
				CLANG_WARN_COMMA = YES;
				CLANG_WARN_CONSTANT_CONVERSION = YES;
				CLANG_WARN_DEPRECATED_OBJC_IMPLEMENTATIONS = YES;
				CLANG_WARN_DIRECT_OBJC_ISA_USAGE = YES_ERROR;
				CLANG_WARN_DOCUMENTATION_COMMENTS = YES;
				CLANG_WARN_EMPTY_BODY = YES;
				CLANG_WARN_ENUM_CONVERSION = YES;
				CLANG_WARN_INFINITE_RECURSION = YES;
				CLANG_WARN_INT_CONVERSION = YES;
				CLANG_WARN_NON_LITERAL_NULL_CONVERSION = YES;
				CLANG_WARN_OBJC_IMPLICIT_RETAIN_SELF = YES;
				CLANG_WARN_OBJC_LITERAL_CONVERSION = YES;
				CLANG_WARN_OBJC_ROOT_CLASS = YES_ERROR;
				CLANG_WARN_RANGE_LOOP_ANALYSIS = YES;
				CLANG_WARN_STRICT_PROTOTYPES = YES;
				CLANG_WARN_SUSPICIOUS_MOVE = YES;
				CLANG_WARN_UNGUARDED_AVAILABILITY = YES_AGGRESSIVE;
				CLANG_WARN_UNREACHABLE_CODE = YES;
				CLANG_WARN__DUPLICATE_METHOD_MATCH = YES;
				CODE_SIGN_IDENTITY = "iPhone Developer";
				COPY_PHASE_STRIP = NO;
				DEBUG_INFORMATION_FORMAT = dwarf;
				ENABLE_STRICT_OBJC_MSGSEND = YES;
				ENABLE_TESTABILITY = YES;
				GCC_C_LANGUAGE_STANDARD = gnu11;
				GCC_DYNAMIC_NO_PIC = NO;
				GCC_NO_COMMON_BLOCKS = YES;
				GCC_OPTIMIZATION_LEVEL = 0;
				GCC_PREPROCESSOR_DEFINITIONS = (
					"DEBUG=1",
					"$(inherited)",
				);
				GCC_WARN_64_TO_32_BIT_CONVERSION = YES;
				GCC_WARN_ABOUT_RETURN_TYPE = YES_ERROR;
				GCC_WARN_UNDECLARED_SELECTOR = YES;
				GCC_WARN_UNINITIALIZED_AUTOS = YES_AGGRESSIVE;
				GCC_WARN_UNUSED_FUNCTION = YES;
				GCC_WARN_UNUSED_VARIABLE = YES;
				IPHONEOS_DEPLOYMENT_TARGET = 12.1;
				MTL_ENABLE_DEBUG_INFO = INCLUDE_SOURCE;
				MTL_FAST_MATH = YES;
				ONLY_ACTIVE_ARCH = YES;
				SDKROOT = iphoneos;
				SWIFT_ACTIVE_COMPILATION_CONDITIONS = DEBUG;
				SWIFT_OPTIMIZATION_LEVEL = "-Onone";
			};
			name = Debug;
		};
		6CF38DEE2228702400ADEFAA /* Release */ = {
			isa = XCBuildConfiguration;
			buildSettings = {
				ALWAYS_SEARCH_USER_PATHS = NO;
				CLANG_ANALYZER_NONNULL = YES;
				CLANG_ANALYZER_NUMBER_OBJECT_CONVERSION = YES_AGGRESSIVE;
				CLANG_CXX_LANGUAGE_STANDARD = "gnu++14";
				CLANG_CXX_LIBRARY = "libc++";
				CLANG_ENABLE_MODULES = YES;
				CLANG_ENABLE_OBJC_ARC = YES;
				CLANG_ENABLE_OBJC_WEAK = YES;
				CLANG_WARN_BLOCK_CAPTURE_AUTORELEASING = YES;
				CLANG_WARN_BOOL_CONVERSION = YES;
				CLANG_WARN_COMMA = YES;
				CLANG_WARN_CONSTANT_CONVERSION = YES;
				CLANG_WARN_DEPRECATED_OBJC_IMPLEMENTATIONS = YES;
				CLANG_WARN_DIRECT_OBJC_ISA_USAGE = YES_ERROR;
				CLANG_WARN_DOCUMENTATION_COMMENTS = YES;
				CLANG_WARN_EMPTY_BODY = YES;
				CLANG_WARN_ENUM_CONVERSION = YES;
				CLANG_WARN_INFINITE_RECURSION = YES;
				CLANG_WARN_INT_CONVERSION = YES;
				CLANG_WARN_NON_LITERAL_NULL_CONVERSION = YES;
				CLANG_WARN_OBJC_IMPLICIT_RETAIN_SELF = YES;
				CLANG_WARN_OBJC_LITERAL_CONVERSION = YES;
				CLANG_WARN_OBJC_ROOT_CLASS = YES_ERROR;
				CLANG_WARN_RANGE_LOOP_ANALYSIS = YES;
				CLANG_WARN_STRICT_PROTOTYPES = YES;
				CLANG_WARN_SUSPICIOUS_MOVE = YES;
				CLANG_WARN_UNGUARDED_AVAILABILITY = YES_AGGRESSIVE;
				CLANG_WARN_UNREACHABLE_CODE = YES;
				CLANG_WARN__DUPLICATE_METHOD_MATCH = YES;
				CODE_SIGN_IDENTITY = "iPhone Developer";
				COPY_PHASE_STRIP = NO;
				DEBUG_INFORMATION_FORMAT = "dwarf-with-dsym";
				ENABLE_NS_ASSERTIONS = NO;
				ENABLE_STRICT_OBJC_MSGSEND = YES;
				GCC_C_LANGUAGE_STANDARD = gnu11;
				GCC_NO_COMMON_BLOCKS = YES;
				GCC_WARN_64_TO_32_BIT_CONVERSION = YES;
				GCC_WARN_ABOUT_RETURN_TYPE = YES_ERROR;
				GCC_WARN_UNDECLARED_SELECTOR = YES;
				GCC_WARN_UNINITIALIZED_AUTOS = YES_AGGRESSIVE;
				GCC_WARN_UNUSED_FUNCTION = YES;
				GCC_WARN_UNUSED_VARIABLE = YES;
				IPHONEOS_DEPLOYMENT_TARGET = 12.1;
				MTL_ENABLE_DEBUG_INFO = NO;
				MTL_FAST_MATH = YES;
				SDKROOT = iphoneos;
				SWIFT_COMPILATION_MODE = wholemodule;
				SWIFT_OPTIMIZATION_LEVEL = "-O";
				VALIDATE_PRODUCT = YES;
			};
			name = Release;
		};
		6CF38DF02228702400ADEFAA /* Debug */ = {
			isa = XCBuildConfiguration;
			buildSettings = {
				ASSETCATALOG_COMPILER_APPICON_NAME = AppIcon;
				CODE_SIGN_STYLE = Automatic;
				DEVELOPMENT_TEAM = PX857T6PZP;
				INFOPLIST_FILE = HackwichFour/Info.plist;
				LD_RUNPATH_SEARCH_PATHS = (
					"$(inherited)",
					"@executable_path/Frameworks",
				);
				PRODUCT_BUNDLE_IDENTIFIER = UHWO.HackwichFour;
				PRODUCT_NAME = "$(TARGET_NAME)";
				SWIFT_VERSION = 4.2;
				TARGETED_DEVICE_FAMILY = "1,2";
			};
			name = Debug;
		};
		6CF38DF12228702400ADEFAA /* Release */ = {
			isa = XCBuildConfiguration;
			buildSettings = {
				ASSETCATALOG_COMPILER_APPICON_NAME = AppIcon;
				CODE_SIGN_STYLE = Automatic;
				DEVELOPMENT_TEAM = PX857T6PZP;
				INFOPLIST_FILE = HackwichFour/Info.plist;
				LD_RUNPATH_SEARCH_PATHS = (
					"$(inherited)",
					"@executable_path/Frameworks",
				);
				PRODUCT_BUNDLE_IDENTIFIER = UHWO.HackwichFour;
				PRODUCT_NAME = "$(TARGET_NAME)";
				SWIFT_VERSION = 4.2;
				TARGETED_DEVICE_FAMILY = "1,2";
			};
			name = Release;
		};
		6CF38DF32228702400ADEFAA /* Debug */ = {
			isa = XCBuildConfiguration;
			buildSettings = {
				ALWAYS_EMBED_SWIFT_STANDARD_LIBRARIES = YES;
				BUNDLE_LOADER = "$(TEST_HOST)";
				CODE_SIGN_STYLE = Automatic;
				DEVELOPMENT_TEAM = PX857T6PZP;
				INFOPLIST_FILE = HackwichFourTests/Info.plist;
				LD_RUNPATH_SEARCH_PATHS = (
					"$(inherited)",
					"@executable_path/Frameworks",
					"@loader_path/Frameworks",
				);
				PRODUCT_BUNDLE_IDENTIFIER = UHWO.HackwichFourTests;
				PRODUCT_NAME = "$(TARGET_NAME)";
				SWIFT_VERSION = 4.2;
				TARGETED_DEVICE_FAMILY = "1,2";
				TEST_HOST = "$(BUILT_PRODUCTS_DIR)/HackwichFour.app/HackwichFour";
			};
			name = Debug;
		};
		6CF38DF42228702400ADEFAA /* Release */ = {
			isa = XCBuildConfiguration;
			buildSettings = {
				ALWAYS_EMBED_SWIFT_STANDARD_LIBRARIES = YES;
				BUNDLE_LOADER = "$(TEST_HOST)";
				CODE_SIGN_STYLE = Automatic;
				DEVELOPMENT_TEAM = PX857T6PZP;
				INFOPLIST_FILE = HackwichFourTests/Info.plist;
				LD_RUNPATH_SEARCH_PATHS = (
					"$(inherited)",
					"@executable_path/Frameworks",
					"@loader_path/Frameworks",
				);
				PRODUCT_BUNDLE_IDENTIFIER = UHWO.HackwichFourTests;
				PRODUCT_NAME = "$(TARGET_NAME)";
				SWIFT_VERSION = 4.2;
				TARGETED_DEVICE_FAMILY = "1,2";
				TEST_HOST = "$(BUILT_PRODUCTS_DIR)/HackwichFour.app/HackwichFour";
			};
			name = Release;
		};
		6CF38DF62228702400ADEFAA /* Debug */ = {
			isa = XCBuildConfiguration;
			buildSettings = {
				ALWAYS_EMBED_SWIFT_STANDARD_LIBRARIES = YES;
				CODE_SIGN_STYLE = Automatic;
				DEVELOPMENT_TEAM = PX857T6PZP;
				INFOPLIST_FILE = HackwichFourUITests/Info.plist;
				LD_RUNPATH_SEARCH_PATHS = (
					"$(inherited)",
					"@executable_path/Frameworks",
					"@loader_path/Frameworks",
				);
				PRODUCT_BUNDLE_IDENTIFIER = UHWO.HackwichFourUITests;
				PRODUCT_NAME = "$(TARGET_NAME)";
				SWIFT_VERSION = 4.2;
				TARGETED_DEVICE_FAMILY = "1,2";
				TEST_TARGET_NAME = HackwichFour;
			};
			name = Debug;
		};
		6CF38DF72228702400ADEFAA /* Release */ = {
			isa = XCBuildConfiguration;
			buildSettings = {
				ALWAYS_EMBED_SWIFT_STANDARD_LIBRARIES = YES;
				CODE_SIGN_STYLE = Automatic;
				DEVELOPMENT_TEAM = PX857T6PZP;
				INFOPLIST_FILE = HackwichFourUITests/Info.plist;
				LD_RUNPATH_SEARCH_PATHS = (
					"$(inherited)",
					"@executable_path/Frameworks",
					"@loader_path/Frameworks",
				);
				PRODUCT_BUNDLE_IDENTIFIER = UHWO.HackwichFourUITests;
				PRODUCT_NAME = "$(TARGET_NAME)";
				SWIFT_VERSION = 4.2;
				TARGETED_DEVICE_FAMILY = "1,2";
				TEST_TARGET_NAME = HackwichFour;
			};
			name = Release;
		};
/* End XCBuildConfiguration section */

/* Begin XCConfigurationList section */
		6CF38DC22228702000ADEFAA /* Build configuration list for PBXProject "HackwichFour" */ = {
			isa = XCConfigurationList;
			buildConfigurations = (
				6CF38DED2228702400ADEFAA /* Debug */,
				6CF38DEE2228702400ADEFAA /* Release */,
			);
			defaultConfigurationIsVisible = 0;
			defaultConfigurationName = Release;
		};
		6CF38DEF2228702400ADEFAA /* Build configuration list for PBXNativeTarget "HackwichFour" */ = {
			isa = XCConfigurationList;
			buildConfigurations = (
				6CF38DF02228702400ADEFAA /* Debug */,
				6CF38DF12228702400ADEFAA /* Release */,
			);
			defaultConfigurationIsVisible = 0;
			defaultConfigurationName = Release;
		};
		6CF38DF22228702400ADEFAA /* Build configuration list for PBXNativeTarget "HackwichFourTests" */ = {
			isa = XCConfigurationList;
			buildConfigurations = (
				6CF38DF32228702400ADEFAA /* Debug */,
				6CF38DF42228702400ADEFAA /* Release */,
			);
			defaultConfigurationIsVisible = 0;
			defaultConfigurationName = Release;
		};
		6CF38DF52228702400ADEFAA /* Build configuration list for PBXNativeTarget "HackwichFourUITests" */ = {
			isa = XCConfigurationList;
			buildConfigurations = (
				6CF38DF62228702400ADEFAA /* Debug */,
				6CF38DF72228702400ADEFAA /* Release */,
			);
			defaultConfigurationIsVisible = 0;
			defaultConfigurationName = Release;
		};
/* End XCConfigurationList section */
	};
	rootObject = 6CF38DBF2228702000ADEFAA /* Project object */;
}
